# Exact conda-forge LLVM/Clang 22 LibTooling closure for Linux x86-64.
# Regenerate deliberately; every package payload is SHA-256 pinned.
@EXPLICIT
https://conda.anaconda.org/conda-forge/linux-64/_openmp_mutex-4.5-20_gnu.conda#1dd3fffd892081df9726d7eb7e0dea6198962ba775bd88842135a4ddb4deb3c9
https://conda.anaconda.org/conda-forge/linux-64/binutils-2.46.1-default_h4852527_102.conda#659c367ef49df7741749a2ad240b007d7df51b4f210505a78543deafb001e44c
https://conda.anaconda.org/conda-forge/linux-64/binutils_impl_linux-64-2.46.1-default_hfdba357_102.conda#fb7bf36984a37ce7e4714d1d1da0bd0e3bfc679520f5cdc184afc676fd4b5da2
https://conda.anaconda.org/conda-forge/linux-64/clang-22.1.8-default_cfg_h41870be_10.conda#850b2a4b658c73af07506cc8e4adc494e2adeed3dc7c25090c55e6180bdf3b41
https://conda.anaconda.org/conda-forge/linux-64/clang-22-22.1.8-default_h90b978e_10.conda#812c9075110812fef0694ce9976ea6db2fd9bb250f1424e8d9d959a77c87427f
https://conda.anaconda.org/conda-forge/linux-64/clang-format-22.1.8-default_hf2538bd_10.conda#c82315aa42475edf116814bfb86dc5e7e8f837bba3ae1971a2246b170e451ad1
https://conda.anaconda.org/conda-forge/linux-64/clang-format-22-22.1.8-default_h0acdd01_10.conda#da82be7ef35b60cd17c99856a8ebaf775a51254a4edc5ca64cc2debda898fafb
https://conda.anaconda.org/conda-forge/linux-64/clang-scan-deps-22.1.8-default_h0acdd01_10.conda#fc4d5fc03cc293af90fef96ac122ab5bce8c0cca52c8e31c25bdcf69510fd06d
https://conda.anaconda.org/conda-forge/linux-64/clang-tools-22.1.8-default_h444efe8_10.conda#9e7a74dc67ab4bdbcd03b1fe5640482aac1c35725dd67f538b2a0cc0f702778d
https://conda.anaconda.org/conda-forge/linux-64/clang_impl_linux-64-22.1.8-default_h2a708d9_10.conda#bc6404c83d52a4c3acb3d454bbc3074e9dcaa09f4070b6e9bdd2346b4ca2b7ef
https://conda.anaconda.org/conda-forge/linux-64/clangdev-22.1.8-default_hebb8b72_10.conda#14f5fd303ca728d6c740c85ba5906e7adf2e1f435121bc277e24f7ad7c965f5d
https://conda.anaconda.org/conda-forge/linux-64/clangxx-22.1.8-default_cfg_he977ba4_10.conda#05598e36f962ddf327a48a403dd825928911a20c1e1ea8f0e36c3eb5524244a3
https://conda.anaconda.org/conda-forge/linux-64/clangxx_impl_linux-64-22.1.8-default_h9d9a4db_10.conda#8ae45dfc412510b86180d7d0953aae2fd465cb7f850953d6e178e29a3e8ddd9b
https://conda.anaconda.org/conda-forge/linux-64/compiler-rt-22.1.8-ha770c72_2.conda#2d1981daa747e884f359c698b95cb36dafea675772e10654e79c0b3516d51832
https://conda.anaconda.org/conda-forge/linux-64/compiler-rt22-22.1.8-h7148c6a_2.conda#a363ee7ace374becfda5a4277a78166fa8e541d49ec5280b56b470b72b01f118
https://conda.anaconda.org/conda-forge/noarch/compiler-rt22_linux-64-22.1.8-h0e38de2_2.conda#904e27f8b3b546bea397e2c68d5c82c6f0a24dbe24def9a7dee714e0b679c586
https://conda.anaconda.org/conda-forge/noarch/compiler-rt_linux-64-22.1.8-ha770c72_2.conda#196eb6ea49630770f2ea7278f0ff4a4aa78b412729e8c958cd1d061f68387e65
https://conda.anaconda.org/conda-forge/noarch/kernel-headers_linux-64-3.10.0-he073ed8_18.conda#a922841ad80bd7b222502e65c07ecb67e4176c4fa5b03678a005f39fcc98be4b
https://conda.anaconda.org/conda-forge/linux-64/ld_impl_linux-64-2.46.1-default_hbd61a6d_102.conda#27d83f1188cd19bcb7754a078b3fa7f4cfb8527f8eb2fde54dd01fc529d1adec
https://conda.anaconda.org/conda-forge/linux-64/libclang-22.1.8-default_hd5f4932_10.conda#3ab26b095e11e5f48090660a7f90ae3115312a6f561bb6ffced66bc864222346
https://conda.anaconda.org/conda-forge/linux-64/libclang-cpp-22.1.8-default_h90b978e_10.conda#5d04f1c5acabaf4b786a3f1007b0da32b9894ec0f44c591df3c93b80a08e93ea
https://conda.anaconda.org/conda-forge/linux-64/libclang-cpp22.1-22.1.8-default_h0acdd01_10.conda#44ed5220e286dbb2886225b4ca2ea8eaac2769ac039e933440bea6ced3dadf95
https://conda.anaconda.org/conda-forge/linux-64/libclang13-22.1.8-default_h90b978e_10.conda#7791cac0802a649d36e44262ec686731e3d712a7b39e24a29e4bb6b4975db27b
https://conda.anaconda.org/conda-forge/linux-64/libcompiler-rt-22.1.8-h7148c6a_2.conda#84ca16b2ea02a365c36a0a5b488dd88f460433e49575c925e849ad76ef573302
https://conda.anaconda.org/conda-forge/linux-64/libgcc-16.2.0-ha9f2e26_5.conda#33d1b5d57c5a55a474330c5ec41fe7001a5aa600d9639389e8ce5edafae216a4
https://conda.anaconda.org/conda-forge/noarch/libgcc-devel_linux-64-16.2.0-he3ce08f_105.conda#8c50468146b12ae9f2c7b457aa54fef603f69f7c46d607d6c892c16d1c8d2f70
https://conda.anaconda.org/conda-forge/linux-64/libgomp-16.2.0-he0feb66_5.conda#224a5a09e258a1a257089a9af310e9336e1d36834959718a9fab8679742dd822
https://conda.anaconda.org/conda-forge/linux-64/libiconv-1.18-h0cb94f2_3.conda#f943117edb9cd4d9c61cc972eee5a34291dc55ea7a6e9e38da104995841cbcb6
https://conda.anaconda.org/conda-forge/linux-64/libllvm22-22.1.8-h474f4eb_2.conda#cfc90781f703b8b8cc35694d46c9a200e3cf66657f55517f8b1ec1f672c42752
https://conda.anaconda.org/conda-forge/linux-64/liblzma-5.8.3-hb03c661_1.conda#9787df8c22a59c9a70d3e5a10db9ad663485e75e9ccc3f09bd092cb7b95e0dab
https://conda.anaconda.org/conda-forge/linux-64/libstdcxx-16.2.0-h934c35e_5.conda#38cadde30fad8f7c101f9eec79f60bf03fc99310c7195d23f8b30832516d666f
https://conda.anaconda.org/conda-forge/noarch/libstdcxx-devel_linux-64-16.2.0-h86e191b_105.conda#db4009a129f73e5f4e301a06b443bb5d160dbd7a89685ca54db1f50cd47f6963
https://conda.anaconda.org/conda-forge/linux-64/libxml2-2.15.4-ha7a5771_0.conda#db52c038430a508656530fc7b5650ae3e2629875693a6a256cc48dec203f8bfe
https://conda.anaconda.org/conda-forge/linux-64/libxml2-16-2.15.4-hbdfff7e_0.conda#b6f96287c408269f5067bb4f7a61693ff5c856152902362964d9807152b9c146
https://conda.anaconda.org/conda-forge/linux-64/libzlib-1.3.2-h25fd6f3_3.conda#eb8a0db0aa570124f7d2a93d7c7f596e3390df5e047818d873baad32985fc736
https://conda.anaconda.org/conda-forge/linux-64/lld-22.1.8-h5985d43_1.conda#bcc18b52452ca1516b2ab77fe314669deb76e22eee2998b3433111a7e1d6b992
https://conda.anaconda.org/conda-forge/linux-64/llvm-openmp-23.1.1-h7148c6a_0.conda#4d6dab4691baec13109bc251506a74da448340b6a5de92de30563871105f8e7c
https://conda.anaconda.org/conda-forge/linux-64/llvm-tools-22.1.8-h7148c6a_2.conda#24d9ffcaab6aadbba036b807202a8b0f538f92927c7e95fbf7b8783796ee4c43
https://conda.anaconda.org/conda-forge/linux-64/llvm-tools-22-22.1.8-h7399f5f_2.conda#17d4ac1d341f748b92befd48a565040cb19c91dfcd9a487fd9f01c196de988ed
https://conda.anaconda.org/conda-forge/linux-64/llvmdev-22.1.8-h7399f5f_2.conda#8298b12cf933c0e27d444a6b8ec17090ee7925a58cf5c4b45a2b4e3c48cff408
https://conda.anaconda.org/conda-forge/noarch/sysroot_linux-64-2.17-h0157908_18.conda#69ab5804bdd2e8e493d5709eebff382a72fab3e9af6adf93a237ccf8f7dbd624
https://conda.anaconda.org/conda-forge/noarch/tzdata-2026c-h151e31d_0.conda#b928c30ddcb0e3f544c6eade8352737e6e610e263276b90232db6a578ef899d8
https://conda.anaconda.org/conda-forge/linux-64/zstd-1.5.7-hb78ec9c_7.conda#47d682b9f6d6ec9eb1a6e6c3e75ea6273e899e78fb7fc59f81d39745009fbc60
